
Microsoft Visual Studio Solution File, Format Version 12.00
# Visual Studio 14
VisualStudioVersion = 14.0.24720.0
MinimumVisualStudioVersion = 10.0.40219.1
Project("{FAE04EC0-301F-11D3-BF4B-00C04F79EFBC}") = "DuplicateCheker", "DuplicateCheker\DuplicateCheker.csproj", "{B5273FDF-4012-4AA2-A455-CAF318D8F38B}"
EndProject
Project("{FAE04EC0-301F-11D3-BF4B-00C04F79EFBC}") = "DuplicateChekerTests", "DuplicateChekerTests\DuplicateChekerTests.csproj", "{15453B3E-99B3-4149-A5B8-F7BD371B5063}"
EndProject
Global
	GlobalSection(SolutionConfigurationPlatforms) = preSolution
		Debug|Any CPU = Debug|Any CPU
		Release|Any CPU = Release|Any CPU
	EndGlobalSection
	GlobalSection(ProjectConfigurationPlatforms) = postSolution
		{B5273FDF-4012-4AA2-A455-CAF318D8F38B}.Debug|Any CPU.ActiveCfg = Debug|Any CPU
		{B5273FDF-4012-4AA2-A455-CAF318D8F38B}.Debug|Any CPU.Build.0 = Debug|Any CPU
		{B5273FDF-4012-4AA2-A455-CAF318D8F38B}.Release|Any CPU.ActiveCfg = Release|Any CPU
		{B5273FDF-4012-4AA2-A455-CAF318D8F38B}.Release|Any CPU.Build.0 = Release|Any CPU
		{15453B3E-99B3-4149-A5B8-F7BD371B5063}.Debug|Any CPU.ActiveCfg = Debug|Any CPU
		{15453B3E-99B3-4149-A5B8-F7BD371B5063}.Debug|Any CPU.Build.0 = Debug|Any CPU
		{15453B3E-99B3-4149-A5B8-F7BD371B5063}.Release|Any CPU.ActiveCfg = Release|Any CPU
		{15453B3E-99B3-4149-A5B8-F7BD371B5063}.Release|Any CPU.Build.0 = Release|Any CPU
	EndGlobalSection
	GlobalSection(SolutionProperties) = preSolution
		HideSolutionNode = FALSE
	EndGlobalSection
EndGlobal
